
Microsoft Visual Studio Solution File, Format Version 12.00
# Visual Studio Version 17
VisualStudioVersion = 17.10.34916.146
MinimumVisualStudioVersion = 10.0.40219.1
Project("{FAE04EC0-301F-11D3-BF4B-00C04F79EFBC}") = "Codigos c#", "Codigos c#\Codigos c#.csproj", "{D7B55680-5BA4-4E31-A30D-C61FA11E1AC3}"
EndProject
Global
	GlobalSection(SolutionConfigurationPlatforms) = preSolution
		Debug|Any CPU = Debug|Any CPU
		Release|Any CPU = Release|Any CPU
	EndGlobalSection
	GlobalSection(ProjectConfigurationPlatforms) = postSolution
		{D7B55680-5BA4-4E31-A30D-C61FA11E1AC3}.Debug|Any CPU.ActiveCfg = Debug|Any CPU
		{D7B55680-5BA4-4E31-A30D-C61FA11E1AC3}.Debug|Any CPU.Build.0 = Debug|Any CPU
		{D7B55680-5BA4-4E31-A30D-C61FA11E1AC3}.Release|Any CPU.ActiveCfg = Release|Any CPU
		{D7B55680-5BA4-4E31-A30D-C61FA11E1AC3}.Release|Any CPU.Build.0 = Release|Any CPU
	EndGlobalSection
	GlobalSection(SolutionProperties) = preSolution
		HideSolutionNode = FALSE
	EndGlobalSection
	GlobalSection(ExtensibilityGlobals) = postSolution
		SolutionGuid = {15EC0701-D50F-44AA-AB28-47023115E26E}
	EndGlobalSection
EndGlobal
